
Microsoft Visual Studio Solution File, Format Version 12.00
# Visual Studio Version 17
VisualStudioVersion = 17.5.002.0
MinimumVisualStudioVersion = 10.0.40219.1
Project("{9A19103F-16F7-4668-BE54-9A1E7A4F7556}") = "Atividade1_Saida_de_Dados", "Atividade1_Saida_de_Dados\Atividade1_Saida_de_Dados.csproj", "{7D88C9F8-067D-49B6-9552-6A83E98926BE}"
EndProject
Global
	GlobalSection(SolutionConfigurationPlatforms) = preSolution
		Debug|Any CPU = Debug|Any CPU
		Release|Any CPU = Release|Any CPU
	EndGlobalSection
	GlobalSection(ProjectConfigurationPlatforms) = postSolution
		{7D88C9F8-067D-49B6-9552-6A83E98926BE}.Debug|Any CPU.ActiveCfg = Debug|Any CPU
		{7D88C9F8-067D-49B6-9552-6A83E98926BE}.Debug|Any CPU.Build.0 = Debug|Any CPU
		{7D88C9F8-067D-49B6-9552-6A83E98926BE}.Release|Any CPU.ActiveCfg = Release|Any CPU
		{7D88C9F8-067D-49B6-9552-6A83E98926BE}.Release|Any CPU.Build.0 = Release|Any CPU
	EndGlobalSection
	GlobalSection(SolutionProperties) = preSolution
		HideSolutionNode = FALSE
	EndGlobalSection
	GlobalSection(ExtensibilityGlobals) = postSolution
		SolutionGuid = {C54E068A-2C40-4128-885F-FD0EDD5E5FBF}
	EndGlobalSection
EndGlobal
